// !$*UTF8*$!
{
	archiveVersion = 1;
	classes = {
	};
	objectVersion = 46;
	objects = {

/* Begin PBXBuildFile section */
		0C49C6041F5D9A580029C23F /* AppDelegate.swift in Sources */ = {isa = PBXBuildFile; fileRef = 0C49C6031F5D9A580029C23F /* AppDelegate.swift */; };
		0C49C6091F5D9A580029C23F /* Main.storyboard in Resources */ = {isa = PBXBuildFile; fileRef = 0C49C6071F5D9A580029C23F /* Main.storyboard */; };
		0C49C60B1F5D9A580029C23F /* Assets.xcassets in Resources */ = {isa = PBXBuildFile; fileRef = 0C49C60A1F5D9A580029C23F /* Assets.xcassets */; };
		0C49C60E1F5D9A580029C23F /* LaunchScreen.storyboard in Resources */ = {isa = PBXBuildFile; fileRef = 0C49C60C1F5D9A580029C23F /* LaunchScreen.storyboard */; };
		0C49C6191F5D9A580029C23F /* PhoneFlicksTests.swift in Sources */ = {isa = PBXBuildFile; fileRef = 0C49C6181F5D9A580029C23F /* PhoneFlicksTests.swift */; };
		0C49C6241F5D9A580029C23F /* PhoneFlicksUITests.swift in Sources */ = {isa = PBXBuildFile; fileRef = 0C49C6231F5D9A580029C23F /* PhoneFlicksUITests.swift */; };
		0C49C6321F5D9AD50029C23F /* FlicksViewController.swift in Sources */ = {isa = PBXBuildFile; fileRef = 0C49C6311F5D9AD50029C23F /* FlicksViewController.swift */; };
		0C49C6351F5DCE6D0029C23F /* FlickCell.swift in Sources */ = {isa = PBXBuildFile; fileRef = 0C49C6341F5DCE6D0029C23F /* FlickCell.swift */; };
		6274E22D5A0EA4975A7281D1 /* Pods_PhoneFlicksTests.framework in Frameworks */ = {isa = PBXBuildFile; fileRef = 76C09FA55B58600F87C4F088 /* Pods_PhoneFlicksTests.framework */; };
		7AE2962D042329A8567460DA /* Pods_PhoneFlicks.framework in Frameworks */ = {isa = PBXBuildFile; fileRef = EBF0C0ACBA7D78F3597428D8 /* Pods_PhoneFlicks.framework */; };
		B242F2EC7E27F4B4BF37272C /* Pods_PhoneFlicksUITests.framework in Frameworks */ = {isa = PBXBuildFile; fileRef = EA407BAFD70DC2CE3AE069F3 /* Pods_PhoneFlicksUITests.framework */; };
/* End PBXBuildFile section */

/* Begin PBXContainerItemProxy section */
		0C49C6151F5D9A580029C23F /* PBXContainerItemProxy */ = {
			isa = PBXContainerItemProxy;
			containerPortal = 0C49C5F81F5D9A580029C23F /* Project object */;
			proxyType = 1;
			remoteGlobalIDString = 0C49C5FF1F5D9A580029C23F;
			remoteInfo = PhoneFlicks;
		};
		0C49C6201F5D9A580029C23F /* PBXContainerItemProxy */ = {
			isa = PBXContainerItemProxy;
			containerPortal = 0C49C5F81F5D9A580029C23F /* Project object */;
			proxyType = 1;
			remoteGlobalIDString = 0C49C5FF1F5D9A580029C23F;
			remoteInfo = PhoneFlicks;
		};
/* End PBXContainerItemProxy section */

/* Begin PBXFileReference section */
		0C49C6001F5D9A580029C23F /* PhoneFlicks.app */ = {isa = PBXFileReference; explicitFileType = wrapper.application; includeInIndex = 0; path = PhoneFlicks.app; sourceTree = BUILT_PRODUCTS_DIR; };
		0C49C6031F5D9A580029C23F /* AppDelegate.swift */ = {isa = PBXFileReference; lastKnownFileType = sourcecode.swift; path = AppDelegate.swift; sourceTree = "<group>"; };
		0C49C6081F5D9A580029C23F /* Base */ = {isa = PBXFileReference; lastKnownFileType = file.storyboard; name = Base; path = Base.lproj/Main.storyboard; sourceTree = "<group>"; };
		0C49C60A1F5D9A580029C23F /* Assets.xcassets */ = {isa = PBXFileReference; lastKnownFileType = folder.assetcatalog; path = Assets.xcassets; sourceTree = "<group>"; };
		0C49C60D1F5D9A580029C23F /* Base */ = {isa = PBXFileReference; lastKnownFileType = file.storyboard; name = Base; path = Base.lproj/LaunchScreen.storyboard; sourceTree = "<group>"; };
		0C49C60F1F5D9A580029C23F /* Info.plist */ = {isa = PBXFileReference; lastKnownFileType = text.plist.xml; path = Info.plist; sourceTree = "<group>"; };
		0C49C6141F5D9A580029C23F /* PhoneFlicksTests.xctest */ = {isa = PBXFileReference; explicitFileType = wrapper.cfbundle; includeInIndex = 0; path = PhoneFlicksTests.xctest; sourceTree = BUILT_PRODUCTS_DIR; };
		0C49C6181F5D9A580029C23F /* PhoneFlicksTests.swift */ = {isa = PBXFileReference; lastKnownFileType = sourcecode.swift; path = PhoneFlicksTests.swift; sourceTree = "<group>"; };
		0C49C61A1F5D9A580029C23F /* Info.plist */ = {isa = PBXFileReference; lastKnownFileType = text.plist.xml; path = Info.plist; sourceTree = "<group>"; };
		0C49C61F1F5D9A580029C23F /* PhoneFlicksUITests.xctest */ = {isa = PBXFileReference; explicitFileType = wrapper.cfbundle; includeInIndex = 0; path = PhoneFlicksUITests.xctest; sourceTree = BUILT_PRODUCTS_DIR; };
		0C49C6231F5D9A580029C23F /* PhoneFlicksUITests.swift */ = {isa = PBXFileReference; lastKnownFileType = sourcecode.swift; path = PhoneFlicksUITests.swift; sourceTree = "<group>"; };
		0C49C6251F5D9A580029C23F /* Info.plist */ = {isa = PBXFileReference; lastKnownFileType = text.plist.xml; path = Info.plist; sourceTree = "<group>"; };
		0C49C6311F5D9AD50029C23F /* FlicksViewController.swift */ = {isa = PBXFileReference; fileEncoding = 4; lastKnownFileType = sourcecode.swift; path = FlicksViewController.swift; sourceTree = "<group>"; };
		0C49C6341F5DCE6D0029C23F /* FlickCell.swift */ = {isa = PBXFileReference; fileEncoding = 4; lastKnownFileType = sourcecode.swift; path = FlickCell.swift; sourceTree = "<group>"; };
		247A05F2F5AFCBEA2D832683 /* Pods-PhoneFlicksUITests.debug.xcconfig */ = {isa = PBXFileReference; includeInIndex = 1; lastKnownFileType = text.xcconfig; name = "Pods-PhoneFlicksUITests.debug.xcconfig"; path = "Pods/Target Support Files/Pods-PhoneFlicksUITests/Pods-PhoneFlicksUITests.debug.xcconfig"; sourceTree = "<group>"; };
		4A05E2513D9FB80595960676 /* Pods-PhoneFlicksUITests.release.xcconfig */ = {isa = PBXFileReference; includeInIndex = 1; lastKnownFileType = text.xcconfig; name = "Pods-PhoneFlicksUITests.release.xcconfig"; path = "Pods/Target Support Files/Pods-PhoneFlicksUITests/Pods-PhoneFlicksUITests.release.xcconfig"; sourceTree = "<group>"; };
		76C09FA55B58600F87C4F088 /* Pods_PhoneFlicksTests.framework */ = {isa = PBXFileReference; explicitFileType = wrapper.framework; includeInIndex = 0; path = Pods_PhoneFlicksTests.framework; sourceTree = BUILT_PRODUCTS_DIR; };
		B5FC6E8F01CAB9068DF8F5D1 /* Pods-PhoneFlicksTests.debug.xcconfig */ = {isa = PBXFileReference; includeInIndex = 1; lastKnownFileType = text.xcconfig; name = "Pods-PhoneFlicksTests.debug.xcconfig"; path = "Pods/Target Support Files/Pods-PhoneFlicksTests/Pods-PhoneFlicksTests.debug.xcconfig"; sourceTree = "<group>"; };
		D5D6BC91EF13096F9940CB81 /* Pods-PhoneFlicksTests.release.xcconfig */ = {isa = PBXFileReference; includeInIndex = 1; lastKnownFileType = text.xcconfig; name = "Pods-PhoneFlicksTests.release.xcconfig"; path = "Pods/Target Support Files/Pods-PhoneFlicksTests/Pods-PhoneFlicksTests.release.xcconfig"; sourceTree = "<group>"; };
		EA407BAFD70DC2CE3AE069F3 /* Pods_PhoneFlicksUITests.framework */ = {isa = PBXFileReference; explicitFileType = wrapper.framework; includeInIndex = 0; path = Pods_PhoneFlicksUITests.framework; sourceTree = BUILT_PRODUCTS_DIR; };
		EBF0C0ACBA7D78F3597428D8 /* Pods_PhoneFlicks.framework */ = {isa = PBXFileReference; explicitFileType = wrapper.framework; includeInIndex = 0; path = Pods_PhoneFlicks.framework; sourceTree = BUILT_PRODUCTS_DIR; };
		ECE90E41FC30092CE1913FBD /* Pods-PhoneFlicks.release.xcconfig */ = {isa = PBXFileReference; includeInIndex = 1; lastKnownFileType = text.xcconfig; name = "Pods-PhoneFlicks.release.xcconfig"; path = "Pods/Target Support Files/Pods-PhoneFlicks/Pods-PhoneFlicks.release.xcconfig"; sourceTree = "<group>"; };
		F1EF3589593988DE2842ADD9 /* Pods-PhoneFlicks.debug.xcconfig */ = {isa = PBXFileReference; includeInIndex = 1; lastKnownFileType = text.xcconfig; name = "Pods-PhoneFlicks.debug.xcconfig"; path = "Pods/Target Support Files/Pods-PhoneFlicks/Pods-PhoneFlicks.debug.xcconfig"; sourceTree = "<group>"; };
/* End PBXFileReference section */

/* Begin PBXFrameworksBuildPhase section */
		0C49C5FD1F5D9A580029C23F /* Frameworks */ = {
			isa = PBXFrameworksBuildPhase;
			buildActionMask = 2147483647;
			files = (
				7AE2962D042329A8567460DA /* Pods_PhoneFlicks.framework in Frameworks */,
			);
			runOnlyForDeploymentPostprocessing = 0;
		};
		0C49C6111F5D9A580029C23F /* Frameworks */ = {
			isa = PBXFrameworksBuildPhase;
			buildActionMask = 2147483647;
			files = (
				6274E22D5A0EA4975A7281D1 /* Pods_PhoneFlicksTests.framework in Frameworks */,
			);
			runOnlyForDeploymentPostprocessing = 0;
		};
		0C49C61C1F5D9A580029C23F /* Frameworks */ = {
			isa = PBXFrameworksBuildPhase;
			buildActionMask = 2147483647;
			files = (
				B242F2EC7E27F4B4BF37272C /* Pods_PhoneFlicksUITests.framework in Frameworks */,
			);
			runOnlyForDeploymentPostprocessing = 0;
		};
/* End PBXFrameworksBuildPhase section */

/* Begin PBXGroup section */
		0C49C5F71F5D9A580029C23F = {
			isa = PBXGroup;
			children = (
				0C49C6021F5D9A580029C23F /* PhoneFlicks */,
				0C49C6171F5D9A580029C23F /* PhoneFlicksTests */,
				0C49C6221F5D9A580029C23F /* PhoneFlicksUITests */,
				0C49C6011F5D9A580029C23F /* Products */,
				107E1C325C8F9A38182D96B1 /* Pods */,
				6BB1CCD32031CB5EA91C02CA /* Frameworks */,
			);
			sourceTree = "<group>";
		};
		0C49C6011F5D9A580029C23F /* Products */ = {
			isa = PBXGroup;
			children = (
				0C49C6001F5D9A580029C23F /* PhoneFlicks.app */,
				0C49C6141F5D9A580029C23F /* PhoneFlicksTests.xctest */,
				0C49C61F1F5D9A580029C23F /* PhoneFlicksUITests.xctest */,
			);
			name = Products;
			sourceTree = "<group>";
		};
		0C49C6021F5D9A580029C23F /* PhoneFlicks */ = {
			isa = PBXGroup;
			children = (
				0C49C6361F5DCE840029C23F /* View Controllers */,
				0C49C6331F5DCD620029C23F /* Views */,
				0C49C6031F5D9A580029C23F /* AppDelegate.swift */,
				0C49C6071F5D9A580029C23F /* Main.storyboard */,
				0C49C60A1F5D9A580029C23F /* Assets.xcassets */,
				0C49C60C1F5D9A580029C23F /* LaunchScreen.storyboard */,
				0C49C60F1F5D9A580029C23F /* Info.plist */,
			);
			path = PhoneFlicks;
			sourceTree = "<group>";
		};
		0C49C6171F5D9A580029C23F /* PhoneFlicksTests */ = {
			isa = PBXGroup;
			children = (
				0C49C6181F5D9A580029C23F /* PhoneFlicksTests.swift */,
				0C49C61A1F5D9A580029C23F /* Info.plist */,
			);
			path = PhoneFlicksTests;
			sourceTree = "<group>";
		};
		0C49C6221F5D9A580029C23F /* PhoneFlicksUITests */ = {
			isa = PBXGroup;
			children = (
				0C49C6231F5D9A580029C23F /* PhoneFlicksUITests.swift */,
				0C49C6251F5D9A580029C23F /* Info.plist */,
			);
			path = PhoneFlicksUITests;
			sourceTree = "<group>";
		};
		0C49C6331F5DCD620029C23F /* Views */ = {
			isa = PBXGroup;
			children = (
				0C49C6341F5DCE6D0029C23F /* FlickCell.swift */,
			);
			name = Views;
			sourceTree = "<group>";
		};
		0C49C6361F5DCE840029C23F /* View Controllers */ = {
			isa = PBXGroup;
			children = (
				0C49C6311F5D9AD50029C23F /* FlicksViewController.swift */,
			);
			name = "View Controllers";
			sourceTree = "<group>";
		};
		107E1C325C8F9A38182D96B1 /* Pods */ = {
			isa = PBXGroup;
			children = (
				F1EF3589593988DE2842ADD9 /* Pods-PhoneFlicks.debug.xcconfig */,
				ECE90E41FC30092CE1913FBD /* Pods-PhoneFlicks.release.xcconfig */,
				B5FC6E8F01CAB9068DF8F5D1 /* Pods-PhoneFlicksTests.debug.xcconfig */,
				D5D6BC91EF13096F9940CB81 /* Pods-PhoneFlicksTests.release.xcconfig */,
				247A05F2F5AFCBEA2D832683 /* Pods-PhoneFlicksUITests.debug.xcconfig */,
				4A05E2513D9FB80595960676 /* Pods-PhoneFlicksUITests.release.xcconfig */,
			);
			name = Pods;
			sourceTree = "<group>";
		};
		6BB1CCD32031CB5EA91C02CA /* Frameworks */ = {
			isa = PBXGroup;
			children = (
				EBF0C0ACBA7D78F3597428D8 /* Pods_PhoneFlicks.framework */,
				76C09FA55B58600F87C4F088 /* Pods_PhoneFlicksTests.framework */,
				EA407BAFD70DC2CE3AE069F3 /* Pods_PhoneFlicksUITests.framework */,
			);
			name = Frameworks;
			sourceTree = "<group>";
		};
/* End PBXGroup section */

/* Begin PBXNativeTarget section */
		0C49C5FF1F5D9A580029C23F /* PhoneFlicks */ = {
			isa = PBXNativeTarget;
			buildConfigurationList = 0C49C6281F5D9A580029C23F /* Build configuration list for PBXNativeTarget "PhoneFlicks" */;
			buildPhases = (
				610C16C43FFE423E25106281 /* [CP] Check Pods Manifest.lock */,
				0C49C5FC1F5D9A580029C23F /* Sources */,
				0C49C5FD1F5D9A580029C23F /* Frameworks */,
				0C49C5FE1F5D9A580029C23F /* Resources */,
				120DB2D8809B422625C41D52 /* [CP] Embed Pods Frameworks */,
				667C50A2DD4779CA500EA42E /* [CP] Copy Pods Resources */,
			);
			buildRules = (
			);
			dependencies = (
			);
			name = PhoneFlicks;
			productName = PhoneFlicks;
			productReference = 0C49C6001F5D9A580029C23F /* PhoneFlicks.app */;
			productType = "com.apple.product-type.application";
		};
		0C49C6131F5D9A580029C23F /* PhoneFlicksTests */ = {
			isa = PBXNativeTarget;
			buildConfigurationList = 0C49C62B1F5D9A580029C23F /* Build configuration list for PBXNativeTarget "PhoneFlicksTests" */;
			buildPhases = (
				60CE4FF7F312A41AD5C7D98B /* [CP] Check Pods Manifest.lock */,
				0C49C6101F5D9A580029C23F /* Sources */,
				0C49C6111F5D9A580029C23F /* Frameworks */,
				0C49C6121F5D9A580029C23F /* Resources */,
				1B3B3AEA9BAAFA594F9D9DFF /* [CP] Embed Pods Frameworks */,
				06C856C1C31476F021EEF5C3 /* [CP] Copy Pods Resources */,
			);
			buildRules = (
			);
			dependencies = (
				0C49C6161F5D9A580029C23F /* PBXTargetDependency */,
			);
			name = PhoneFlicksTests;
			productName = PhoneFlicksTests;
			productReference = 0C49C6141F5D9A580029C23F /* PhoneFlicksTests.xctest */;
			productType = "com.apple.product-type.bundle.unit-test";
		};
		0C49C61E1F5D9A580029C23F /* PhoneFlicksUITests */ = {
			isa = PBXNativeTarget;
			buildConfigurationList = 0C49C62E1F5D9A580029C23F /* Build configuration list for PBXNativeTarget "PhoneFlicksUITests" */;
			buildPhases = (
				975376B19D18701385D17802 /* [CP] Check Pods Manifest.lock */,
				0C49C61B1F5D9A580029C23F /* Sources */,
				0C49C61C1F5D9A580029C23F /* Frameworks */,
				0C49C61D1F5D9A580029C23F /* Resources */,
				543C65E30C33471FEFFEA982 /* [CP] Embed Pods Frameworks */,
				5BFAADC2A1FEE00DE84A0FF1 /* [CP] Copy Pods Resources */,
			);
			buildRules = (
			);
			dependencies = (
				0C49C6211F5D9A580029C23F /* PBXTargetDependency */,
			);
			name = PhoneFlicksUITests;
			productName = PhoneFlicksUITests;
			productReference = 0C49C61F1F5D9A580029C23F /* PhoneFlicksUITests.xctest */;
			productType = "com.apple.product-type.bundle.ui-testing";
		};
/* End PBXNativeTarget section */

/* Begin PBXProject section */
		0C49C5F81F5D9A580029C23F /* Project object */ = {
			isa = PBXProject;
			attributes = {
				LastSwiftUpdateCheck = 0830;
				LastUpgradeCheck = 0830;
				ORGANIZATIONNAME = HearsaySocial;
				TargetAttributes = {
					0C49C5FF1F5D9A580029C23F = {
						CreatedOnToolsVersion = 8.3.3;
						ProvisioningStyle = Automatic;
					};
					0C49C6131F5D9A580029C23F = {
						CreatedOnToolsVersion = 8.3.3;
						ProvisioningStyle = Automatic;
						TestTargetID = 0C49C5FF1F5D9A580029C23F;
					};
					0C49C61E1F5D9A580029C23F = {
						CreatedOnToolsVersion = 8.3.3;
						ProvisioningStyle = Automatic;
						TestTargetID = 0C49C5FF1F5D9A580029C23F;
					};
				};
			};
			buildConfigurationList = 0C49C5FB1F5D9A580029C23F /* Build configuration list for PBXProject "PhoneFlicks" */;
			compatibilityVersion = "Xcode 3.2";
			developmentRegion = English;
			hasScannedForEncodings = 0;
			knownRegions = (
				en,
				Base,
			);
			mainGroup = 0C49C5F71F5D9A580029C23F;
			productRefGroup = 0C49C6011F5D9A580029C23F /* Products */;
			projectDirPath = "";
			projectRoot = "";
			targets = (
				0C49C5FF1F5D9A580029C23F /* PhoneFlicks */,
				0C49C6131F5D9A580029C23F /* PhoneFlicksTests */,
				0C49C61E1F5D9A580029C23F /* PhoneFlicksUITests */,
			);
		};
/* End PBXProject section */

/* Begin PBXResourcesBuildPhase section */
		0C49C5FE1F5D9A580029C23F /* Resources */ = {
			isa = PBXResourcesBuildPhase;
			buildActionMask = 2147483647;
			files = (
				0C49C60E1F5D9A580029C23F /* LaunchScreen.storyboard in Resources */,
				0C49C60B1F5D9A580029C23F /* Assets.xcassets in Resources */,
				0C49C6091F5D9A580029C23F /* Main.storyboard in Resources */,
			);
			runOnlyForDeploymentPostprocessing = 0;
		};
		0C49C6121F5D9A580029C23F /* Resources */ = {
			isa = PBXResourcesBuildPhase;
			buildActionMask = 2147483647;
			files = (
			);
			runOnlyForDeploymentPostprocessing = 0;
		};
		0C49C61D1F5D9A580029C23F /* Resources */ = {
			isa = PBXResourcesBuildPhase;
			buildActionMask = 2147483647;
			files = (
			);
			runOnlyForDeploymentPostprocessing = 0;
		};
/* End PBXResourcesBuildPhase section */

/* Begin PBXShellScriptBuildPhase section */
		06C856C1C31476F021EEF5C3 /* [CP] Copy Pods Resources */ = {
			isa = PBXShellScriptBuildPhase;
			buildActionMask = 2147483647;
			files = (
			);
			inputPaths = (
			);
			name = "[CP] Copy Pods Resources";
			outputPaths = (
			);
			runOnlyForDeploymentPostprocessing = 0;
			shellPath = /bin/sh;
			shellScript = "\"${SRCROOT}/Pods/Target Support Files/Pods-PhoneFlicksTests/Pods-PhoneFlicksTests-resources.sh\"\n";
			showEnvVarsInLog = 0;
		};
		120DB2D8809B422625C41D52 /* [CP] Embed Pods Frameworks */ = {
			isa = PBXShellScriptBuildPhase;
			buildActionMask = 2147483647;
			files = (
			);
			inputPaths = (
				"${SRCROOT}/Pods/Target Support Files/Pods-PhoneFlicks/Pods-PhoneFlicks-frameworks.sh",
				"${BUILT_PRODUCTS_DIR}/AFNetworking/AFNetworking.framework",
			);
			name = "[CP] Embed Pods Frameworks";
			outputPaths = (
				"${TARGET_BUILD_DIR}/${FRAMEWORKS_FOLDER_PATH}/AFNetworking.framework",
			);
			runOnlyForDeploymentPostprocessing = 0;
			shellPath = /bin/sh;
			shellScript = "\"${SRCROOT}/Pods/Target Support Files/Pods-PhoneFlicks/Pods-PhoneFlicks-frameworks.sh\"\n";
			showEnvVarsInLog = 0;
		};
		1B3B3AEA9BAAFA594F9D9DFF /* [CP] Embed Pods Frameworks */ = {
			isa = PBXShellScriptBuildPhase;
			buildActionMask = 2147483647;
			files = (
			);
			inputPaths = (
			);
			name = "[CP] Embed Pods Frameworks";
			outputPaths = (
			);
			runOnlyForDeploymentPostprocessing = 0;
			shellPath = /bin/sh;
			shellScript = "\"${SRCROOT}/Pods/Target Support Files/Pods-PhoneFlicksTests/Pods-PhoneFlicksTests-frameworks.sh\"\n";
			showEnvVarsInLog = 0;
		};
		543C65E30C33471FEFFEA982 /* [CP] Embed Pods Frameworks */ = {
			isa = PBXShellScriptBuildPhase;
			buildActionMask = 2147483647;
			files = (
			);
			inputPaths = (
			);
			name = "[CP] Embed Pods Frameworks";
			outputPaths = (
			);
			runOnlyForDeploymentPostprocessing = 0;
			shellPath = /bin/sh;
			shellScript = "\"${SRCROOT}/Pods/Target Support Files/Pods-PhoneFlicksUITests/Pods-PhoneFlicksUITests-frameworks.sh\"\n";
			showEnvVarsInLog = 0;
		};
		5BFAADC2A1FEE00DE84A0FF1 /* [CP] Copy Pods Resources */ = {
			isa = PBXShellScriptBuildPhase;
			buildActionMask = 2147483647;
			files = (
			);
			inputPaths = (
			);
			name = "[CP] Copy Pods Resources";
			outputPaths = (
			);
			runOnlyForDeploymentPostprocessing = 0;
			shellPath = /bin/sh;
			shellScript = "\"${SRCROOT}/Pods/Target Support Files/Pods-PhoneFlicksUITests/Pods-PhoneFlicksUITests-resources.sh\"\n";
			showEnvVarsInLog = 0;
		};
		60CE4FF7F312A41AD5C7D98B /* [CP] Check Pods Manifest.lock */ = {
			isa = PBXShellScriptBuildPhase;
			buildActionMask = 2147483647;
			files = (
			);
			inputPaths = (
				"${PODS_PODFILE_DIR_PATH}/Podfile.lock",
				"${PODS_ROOT}/Manifest.lock",
			);
			name = "[CP] Check Pods Manifest.lock";
			outputPaths = (
				"$(DERIVED_FILE_DIR)/Pods-PhoneFlicksTests-checkManifestLockResult.txt",
			);
			runOnlyForDeploymentPostprocessing = 0;
			shellPath = /bin/sh;
			shellScript = "diff \"${PODS_PODFILE_DIR_PATH}/Podfile.lock\" \"${PODS_ROOT}/Manifest.lock\" > /dev/null\nif [ $? != 0 ] ; then\n    # print error to STDERR\n    echo \"error: The sandbox is not in sync with the Podfile.lock. Run 'pod install' or update your CocoaPods installation.\" >&2\n    exit 1\nfi\n# This output is used by Xcode 'outputs' to avoid re-running this script phase.\necho \"SUCCESS\" > \"${SCRIPT_OUTPUT_FILE_0}\"\n";
			showEnvVarsInLog = 0;
		};
		610C16C43FFE423E25106281 /* [CP] Check Pods Manifest.lock */ = {
			isa = PBXShellScriptBuildPhase;
			buildActionMask = 2147483647;
			files = (
			);
			inputPaths = (
				"${PODS_PODFILE_DIR_PATH}/Podfile.lock",
				"${PODS_ROOT}/Manifest.lock",
			);
			name = "[CP] Check Pods Manifest.lock";
			outputPaths = (
				"$(DERIVED_FILE_DIR)/Pods-PhoneFlicks-checkManifestLockResult.txt",
			);
			runOnlyForDeploymentPostprocessing = 0;
			shellPath = /bin/sh;
			shellScript = "diff \"${PODS_PODFILE_DIR_PATH}/Podfile.lock\" \"${PODS_ROOT}/Manifest.lock\" > /dev/null\nif [ $? != 0 ] ; then\n    # print error to STDERR\n    echo \"error: The sandbox is not in sync with the Podfile.lock. Run 'pod install' or update your CocoaPods installation.\" >&2\n    exit 1\nfi\n# This output is used by Xcode 'outputs' to avoid re-running this script phase.\necho \"SUCCESS\" > \"${SCRIPT_OUTPUT_FILE_0}\"\n";
			showEnvVarsInLog = 0;
		};
		667C50A2DD4779CA500EA42E /* [CP] Copy Pods Resources */ = {
			isa = PBXShellScriptBuildPhase;
			buildActionMask = 2147483647;
			files = (
			);
			inputPaths = (
			);
			name = "[CP] Copy Pods Resources";
			outputPaths = (
			);
			runOnlyForDeploymentPostprocessing = 0;
			shellPath = /bin/sh;
			shellScript = "\"${SRCROOT}/Pods/Target Support Files/Pods-PhoneFlicks/Pods-PhoneFlicks-resources.sh\"\n";
			showEnvVarsInLog = 0;
		};
		975376B19D18701385D17802 /* [CP] Check Pods Manifest.lock */ = {
			isa = PBXShellScriptBuildPhase;
			buildActionMask = 2147483647;
			files = (
			);
			inputPaths = (
				"${PODS_PODFILE_DIR_PATH}/Podfile.lock",
				"${PODS_ROOT}/Manifest.lock",
			);
			name = "[CP] Check Pods Manifest.lock";
			outputPaths = (
				"$(DERIVED_FILE_DIR)/Pods-PhoneFlicksUITests-checkManifestLockResult.txt",
			);
			runOnlyForDeploymentPostprocessing = 0;
			shellPath = /bin/sh;
			shellScript = "diff \"${PODS_PODFILE_DIR_PATH}/Podfile.lock\" \"${PODS_ROOT}/Manifest.lock\" > /dev/null\nif [ $? != 0 ] ; then\n    # print error to STDERR\n    echo \"error: The sandbox is not in sync with the Podfile.lock. Run 'pod install' or update your CocoaPods installation.\" >&2\n    exit 1\nfi\n# This output is used by Xcode 'outputs' to avoid re-running this script phase.\necho \"SUCCESS\" > \"${SCRIPT_OUTPUT_FILE_0}\"\n";
			showEnvVarsInLog = 0;
		};
/* End PBXShellScriptBuildPhase section */

/* Begin PBXSourcesBuildPhase section */
		0C49C5FC1F5D9A580029C23F /* Sources */ = {
			isa = PBXSourcesBuildPhase;
			buildActionMask = 2147483647;
			files = (
				0C49C6321F5D9AD50029C23F /* FlicksViewController.swift in Sources */,
				0C49C6351F5DCE6D0029C23F /* FlickCell.swift in Sources */,
				0C49C6041F5D9A580029C23F /* AppDelegate.swift in Sources */,
			);
			runOnlyForDeploymentPostprocessing = 0;
		};
		0C49C6101F5D9A580029C23F /* Sources */ = {
			isa = PBXSourcesBuildPhase;
			buildActionMask = 2147483647;
			files = (
				0C49C6191F5D9A580029C23F /* PhoneFlicksTests.swift in Sources */,
			);
			runOnlyForDeploymentPostprocessing = 0;
		};
		0C49C61B1F5D9A580029C23F /* Sources */ = {
			isa = PBXSourcesBuildPhase;
			buildActionMask = 2147483647;
			files = (
				0C49C6241F5D9A580029C23F /* PhoneFlicksUITests.swift in Sources */,
			);
			runOnlyForDeploymentPostprocessing = 0;
		};
/* End PBXSourcesBuildPhase section */

/* Begin PBXTargetDependency section */
		0C49C6161F5D9A580029C23F /* PBXTargetDependency */ = {
			isa = PBXTargetDependency;
			target = 0C49C5FF1F5D9A580029C23F /* PhoneFlicks */;
			targetProxy = 0C49C6151F5D9A580029C23F /* PBXContainerItemProxy */;
		};
		0C49C6211F5D9A580029C23F /* PBXTargetDependency */ = {
			isa = PBXTargetDependency;
			target = 0C49C5FF1F5D9A580029C23F /* PhoneFlicks */;
			targetProxy = 0C49C6201F5D9A580029C23F /* PBXContainerItemProxy */;
		};
/* End PBXTargetDependency section */

/* Begin PBXVariantGroup section */
		0C49C6071F5D9A580029C23F /* Main.storyboard */ = {
			isa = PBXVariantGroup;
			children = (
				0C49C6081F5D9A580029C23F /* Base */,
			);
			name = Main.storyboard;
			sourceTree = "<group>";
		};
		0C49C60C1F5D9A580029C23F /* LaunchScreen.storyboard */ = {
			isa = PBXVariantGroup;
			children = (
				0C49C60D1F5D9A580029C23F /* Base */,
			);
			name = LaunchScreen.storyboard;
			sourceTree = "<group>";
		};
/* End PBXVariantGroup section */

/* Begin XCBuildConfiguration section */
		0C49C6261F5D9A580029C23F /* Debug */ = {
			isa = XCBuildConfiguration;
			buildSettings = {
				ALWAYS_SEARCH_USER_PATHS = NO;
				CLANG_ANALYZER_NONNULL = YES;
				CLANG_ANALYZER_NUMBER_OBJECT_CONVERSION = YES_AGGRESSIVE;
				CLANG_CXX_LANGUAGE_STANDARD = "gnu++0x";
				CLANG_CXX_LIBRARY = "libc++";
				CLANG_ENABLE_MODULES = YES;
				CLANG_ENABLE_OBJC_ARC = YES;
				CLANG_WARN_BOOL_CONVERSION = YES;
				CLANG_WARN_CONSTANT_CONVERSION = YES;
				CLANG_WARN_DIRECT_OBJC_ISA_USAGE = YES_ERROR;
				CLANG_WARN_DOCUMENTATION_COMMENTS = YES;
				CLANG_WARN_EMPTY_BODY = YES;
				CLANG_WARN_ENUM_CONVERSION = YES;
				CLANG_WARN_INFINITE_RECURSION = YES;
				CLANG_WARN_INT_CONVERSION = YES;
				CLANG_WARN_OBJC_ROOT_CLASS = YES_ERROR;
				CLANG_WARN_SUSPICIOUS_MOVE = YES;
				CLANG_WARN_UNREACHABLE_CODE = YES;
				CLANG_WARN__DUPLICATE_METHOD_MATCH = YES;
				"CODE_SIGN_IDENTITY[sdk=iphoneos*]" = "iPhone Developer";
				COPY_PHASE_STRIP = NO;
				DEBUG_INFORMATION_FORMAT = dwarf;
				ENABLE_STRICT_OBJC_MSGSEND = YES;
				ENABLE_TESTABILITY = YES;
				GCC_C_LANGUAGE_STANDARD = gnu99;
				GCC_DYNAMIC_NO_PIC = NO;
				GCC_NO_COMMON_BLOCKS = YES;
				GCC_OPTIMIZATION_LEVEL = 0;
				GCC_PREPROCESSOR_DEFINITIONS = (
					"DEBUG=1",
					"$(inherited)",
				);
				GCC_WARN_64_TO_32_BIT_CONVERSION = YES;
				GCC_WARN_ABOUT_RETURN_TYPE = YES_ERROR;
				GCC_WARN_UNDECLARED_SELECTOR = YES;
				GCC_WARN_UNINITIALIZED_AUTOS = YES_AGGRESSIVE;
				GCC_WARN_UNUSED_FUNCTION = YES;
				GCC_WARN_UNUSED_VARIABLE = YES;
				IPHONEOS_DEPLOYMENT_TARGET = 10.3;
				MTL_ENABLE_DEBUG_INFO = YES;
				ONLY_ACTIVE_ARCH = YES;
				SDKROOT = iphoneos;
				SWIFT_ACTIVE_COMPILATION_CONDITIONS = DEBUG;
				SWIFT_OPTIMIZATION_LEVEL = "-Onone";
			};
			name = Debug;
		};
		0C49C6271F5D9A580029C23F /* Release */ = {
			isa = XCBuildConfiguration;
			buildSettings = {
				ALWAYS_SEARCH_USER_PATHS = NO;
				CLANG_ANALYZER_NONNULL = YES;
				CLANG_ANALYZER_NUMBER_OBJECT_CONVERSION = YES_AGGRESSIVE;
				CLANG_CXX_LANGUAGE_STANDARD = "gnu++0x";
				CLANG_CXX_LIBRARY = "libc++";
				CLANG_ENABLE_MODULES = YES;
				CLANG_ENABLE_OBJC_ARC = YES;
				CLANG_WARN_BOOL_CONVERSION = YES;
				CLANG_WARN_CONSTANT_CONVERSION = YES;
				CLANG_WARN_DIRECT_OBJC_ISA_USAGE = YES_ERROR;
				CLANG_WARN_DOCUMENTATION_COMMENTS = YES;
				CLANG_WARN_EMPTY_BODY = YES;
				CLANG_WARN_ENUM_CONVERSION = YES;
				CLANG_WARN_INFINITE_RECURSION = YES;
				CLANG_WARN_INT_CONVERSION = YES;
				CLANG_WARN_OBJC_ROOT_CLASS = YES_ERROR;
				CLANG_WARN_SUSPICIOUS_MOVE = YES;
				CLANG_WARN_UNREACHABLE_CODE = YES;
				CLANG_WARN__DUPLICATE_METHOD_MATCH = YES;
				"CODE_SIGN_IDENTITY[sdk=iphoneos*]" = "iPhone Developer";
				COPY_PHASE_STRIP = NO;
				DEBUG_INFORMATION_FORMAT = "dwarf-with-dsym";
				ENABLE_NS_ASSERTIONS = NO;
				ENABLE_STRICT_OBJC_MSGSEND = YES;
				GCC_C_LANGUAGE_STANDARD = gnu99;
				GCC_NO_COMMON_BLOCKS = YES;
				GCC_WARN_64_TO_32_BIT_CONVERSION = YES;
				GCC_WARN_ABOUT_RETURN_TYPE = YES_ERROR;
				GCC_WARN_UNDECLARED_SELECTOR = YES;
				GCC_WARN_UNINITIALIZED_AUTOS = YES_AGGRESSIVE;
				GCC_WARN_UNUSED_FUNCTION = YES;
				GCC_WARN_UNUSED_VARIABLE = YES;
				IPHONEOS_DEPLOYMENT_TARGET = 10.3;
				MTL_ENABLE_DEBUG_INFO = NO;
				SDKROOT = iphoneos;
				SWIFT_OPTIMIZATION_LEVEL = "-Owholemodule";
				VALIDATE_PRODUCT = YES;
			};
			name = Release;
		};
		0C49C6291F5D9A580029C23F /* Debug */ = {
			isa = XCBuildConfiguration;
			baseConfigurationReference = F1EF3589593988DE2842ADD9 /* Pods-PhoneFlicks.debug.xcconfig */;
			buildSettings = {
				ASSETCATALOG_COMPILER_APPICON_NAME = AppIcon;
				INFOPLIST_FILE = PhoneFlicks/Info.plist;
				LD_RUNPATH_SEARCH_PATHS = "$(inherited) @executable_path/Frameworks";
				PRODUCT_BUNDLE_IDENTIFIER = com.HearsaySocial.PhoneFlicks;
				PRODUCT_NAME = "$(TARGET_NAME)";
				SWIFT_VERSION = 3.0;
			};
			name = Debug;
		};
		0C49C62A1F5D9A580029C23F /* Release */ = {
			isa = XCBuildConfiguration;
			baseConfigurationReference = ECE90E41FC30092CE1913FBD /* Pods-PhoneFlicks.release.xcconfig */;
			buildSettings = {
				ASSETCATALOG_COMPILER_APPICON_NAME = AppIcon;
				INFOPLIST_FILE = PhoneFlicks/Info.plist;
				LD_RUNPATH_SEARCH_PATHS = "$(inherited) @executable_path/Frameworks";
				PRODUCT_BUNDLE_IDENTIFIER = com.HearsaySocial.PhoneFlicks;
				PRODUCT_NAME = "$(TARGET_NAME)";
				SWIFT_VERSION = 3.0;
			};
			name = Release;
		};
		0C49C62C1F5D9A580029C23F /* Debug */ = {
			isa = XCBuildConfiguration;
			baseConfigurationReference = B5FC6E8F01CAB9068DF8F5D1 /* Pods-PhoneFlicksTests.debug.xcconfig */;
			buildSettings = {
				ALWAYS_EMBED_SWIFT_STANDARD_LIBRARIES = YES;
				BUNDLE_LOADER = "$(TEST_HOST)";
				INFOPLIST_FILE = PhoneFlicksTests/Info.plist;
				LD_RUNPATH_SEARCH_PATHS = "$(inherited) @executable_path/Frameworks @loader_path/Frameworks";
				PRODUCT_BUNDLE_IDENTIFIER = com.HearsaySocial.PhoneFlicksTests;
				PRODUCT_NAME = "$(TARGET_NAME)";
				SWIFT_VERSION = 3.0;
				TEST_HOST = "$(BUILT_PRODUCTS_DIR)/PhoneFlicks.app/PhoneFlicks";
			};
			name = Debug;
		};
		0C49C62D1F5D9A580029C23F /* Release */ = {
			isa = XCBuildConfiguration;
			baseConfigurationReference = D5D6BC91EF13096F9940CB81 /* Pods-PhoneFlicksTests.release.xcconfig */;
			buildSettings = {
				ALWAYS_EMBED_SWIFT_STANDARD_LIBRARIES = YES;
				BUNDLE_LOADER = "$(TEST_HOST)";
				INFOPLIST_FILE = PhoneFlicksTests/Info.plist;
				LD_RUNPATH_SEARCH_PATHS = "$(inherited) @executable_path/Frameworks @loader_path/Frameworks";
				PRODUCT_BUNDLE_IDENTIFIER = com.HearsaySocial.PhoneFlicksTests;
				PRODUCT_NAME = "$(TARGET_NAME)";
				SWIFT_VERSION = 3.0;
				TEST_HOST = "$(BUILT_PRODUCTS_DIR)/PhoneFlicks.app/PhoneFlicks";
			};
			name = Release;
		};
		0C49C62F1F5D9A580029C23F /* Debug */ = {
			isa = XCBuildConfiguration;
			baseConfigurationReference = 247A05F2F5AFCBEA2D832683 /* Pods-PhoneFlicksUITests.debug.xcconfig */;
			buildSettings = {
				ALWAYS_EMBED_SWIFT_STANDARD_LIBRARIES = YES;
				INFOPLIST_FILE = PhoneFlicksUITests/Info.plist;
				LD_RUNPATH_SEARCH_PATHS = "$(inherited) @executable_path/Frameworks @loader_path/Frameworks";
				PRODUCT_BUNDLE_IDENTIFIER = com.HearsaySocial.PhoneFlicksUITests;
				PRODUCT_NAME = "$(TARGET_NAME)";
				SWIFT_VERSION = 3.0;
				TEST_TARGET_NAME = PhoneFlicks;
			};
			name = Debug;
		};
		0C49C6301F5D9A580029C23F /* Release */ = {
			isa = XCBuildConfiguration;
			baseConfigurationReference = 4A05E2513D9FB80595960676 /* Pods-PhoneFlicksUITests.release.xcconfig */;
			buildSettings = {
				ALWAYS_EMBED_SWIFT_STANDARD_LIBRARIES = YES;
				INFOPLIST_FILE = PhoneFlicksUITests/Info.plist;
				LD_RUNPATH_SEARCH_PATHS = "$(inherited) @executable_path/Frameworks @loader_path/Frameworks";
				PRODUCT_BUNDLE_IDENTIFIER = com.HearsaySocial.PhoneFlicksUITests;
				PRODUCT_NAME = "$(TARGET_NAME)";
				SWIFT_VERSION = 3.0;
				TEST_TARGET_NAME = PhoneFlicks;
			};
			name = Release;
		};
/* End XCBuildConfiguration section */

/* Begin XCConfigurationList section */
		0C49C5FB1F5D9A580029C23F /* Build configuration list for PBXProject "PhoneFlicks" */ = {
			isa = XCConfigurationList;
			buildConfigurations = (
				0C49C6261F5D9A580029C23F /* Debug */,
				0C49C6271F5D9A580029C23F /* Release */,
			);
			defaultConfigurationIsVisible = 0;
			defaultConfigurationName = Release;
		};
		0C49C6281F5D9A580029C23F /* Build configuration list for PBXNativeTarget "PhoneFlicks" */ = {
			isa = XCConfigurationList;
			buildConfigurations = (
				0C49C6291F5D9A580029C23F /* Debug */,
				0C49C62A1F5D9A580029C23F /* Release */,
			);
			defaultConfigurationIsVisible = 0;
			defaultConfigurationName = Release;
		};
		0C49C62B1F5D9A580029C23F /* Build configuration list for PBXNativeTarget "PhoneFlicksTests" */ = {
			isa = XCConfigurationList;
			buildConfigurations = (
				0C49C62C1F5D9A580029C23F /* Debug */,
				0C49C62D1F5D9A580029C23F /* Release */,
			);
			defaultConfigurationIsVisible = 0;
			defaultConfigurationName = Release;
		};
		0C49C62E1F5D9A580029C23F /* Build configuration list for PBXNativeTarget "PhoneFlicksUITests" */ = {
			isa = XCConfigurationList;
			buildConfigurations = (
				0C49C62F1F5D9A580029C23F /* Debug */,
				0C49C6301F5D9A580029C23F /* Release */,
			);
			defaultConfigurationIsVisible = 0;
			defaultConfigurationName = Release;
		};
/* End XCConfigurationList section */
	};
	rootObject = 0C49C5F81F5D9A580029C23F /* Project object */;
}
